<?xml version="1.0" encoding="utf-8"?>
<Project ToolsVersion="4.0" xmlns="http://schemas.microsoft.com/developer/msbuild/2003">
  <ItemGroup>
    <Filter Include="Source Files">
      <UniqueIdentifier>{4FC737F1-C7A5-4376-A066-2A32D752A2FF}</UniqueIdentifier>
      <Extensions>cpp;c;cc;cxx;def;odl;idl;hpj;bat;asm;asmx</Extensions>
    </Filter>
    <Filter Include="Header Files">
      <UniqueIdentifier>{93995380-89BD-4b04-88EB-625FBE52EBFB}</UniqueIdentifier>
      <Extensions>h;hh;hpp;hxx;hm;inl;inc;ipp;xsd</Extensions>
    </Filter>
    <Filter Include="Resource Files">
      <UniqueIdentifier>{67DA6AB6-F800-4c08-8B7A-83BB121AAD01}</UniqueIdentifier>
      <Extensions>rc;ico;cur;bmp;dlg;rc2;rct;bin;rgs;gif;jpg;jpeg;jpe;resx;tiff;tif;png;wav;mfcribbon-ms</Extensions>
    </Filter>
    <Filter Include="Generated Files">
      <UniqueIdentifier>{807f014b-d8cf-423a-86da-797668004d13}</UniqueIdentifier>
      <SourceControlFiles>False</SourceControlFiles>
    </Filter>
  </ItemGroup>
  <ItemGroup>
    <ClCompile Include="stdafx.cpp">
      <Filter>Source Files</Filter>
    </ClCompile>
    <ClCompile Include="DrawerServer.cpp">
      <Filter>Source Files</Filter>
    </ClCompile>
    <ClCompile Include="dllmain.cpp">
      <Filter>Source Files</Filter>
    </ClCompile>
    <ClCompile Include="DrawerServer_i.c">
      <Filter>Generated Files</Filter>
    </ClCompile>
    <ClCompile Include="SquareObject.cpp">
      <Filter>Source Files</Filter>
    </ClCompile>
    <ClCompile Include="RectangleObject.cpp">
      <Filter>Source Files</Filter>
    </ClCompile>
    <ClCompile Include="EllipseObject.cpp">
      <Filter>Source Files</Filter>
    </ClCompile>
    <ClCompile Include="CircleObject.cpp">
      <Filter>Source Files</Filter>
    </ClCompile>
    <ClCompile Include="TriangleObject.cpp">
      <Filter>Source Files</Filter>
    </ClCompile>
  </ItemGroup>
  <ItemGroup>
    <ClInclude Include="stdafx.h">
      <Filter>Header Files</Filter>
    </ClInclude>
    <ClInclude Include="targetver.h">
      <Filter>Header Files</Filter>
    </ClInclude>
    <ClInclude Include="Resource.h">
      <Filter>Header Files</Filter>
    </ClInclude>
    <ClInclude Include="dllmain.h">
      <Filter>Header Files</Filter>
    </ClInclude>
    <ClInclude Include="DrawerServer_i.h">
      <Filter>Generated Files</Filter>
    </ClInclude>
    <ClInclude Include="SquareObject.h">
      <Filter>Header Files</Filter>
    </ClInclude>
    <ClInclude Include="RectangleObject.h">
      <Filter>Header Files</Filter>
    </ClInclude>
    <ClInclude Include="EllipseObject.h">
      <Filter>Header Files</Filter>
    </ClInclude>
    <ClInclude Include="CircleObject.h">
      <Filter>Header Files</Filter>
    </ClInclude>
    <ClInclude Include="TriangleObject.h">
      <Filter>Header Files</Filter>
    </ClInclude>
  </ItemGroup>
  <ItemGroup>
    <ResourceCompile Include="DrawerServer.rc">
      <Filter>Resource Files</Filter>
    </ResourceCompile>
  </ItemGroup>
  <ItemGroup>
    <None Include="DrawerServer.rgs">
      <Filter>Resource Files</Filter>
    </None>
    <None Include="DrawerServer.def">
      <Filter>Source Files</Filter>
    </None>
    <None Include="SquareObject.rgs">
      <Filter>Resource Files</Filter>
    </None>
    <None Include="RectangleObject.rgs">
      <Filter>Resource Files</Filter>
    </None>
    <None Include="EllipseObject.rgs">
      <Filter>Resource Files</Filter>
    </None>
    <None Include="CircleObject.rgs">
      <Filter>Resource Files</Filter>
    </None>
    <None Include="TriangleObject.rgs">
      <Filter>Resource Files</Filter>
    </None>
  </ItemGroup>
  <ItemGroup>
    <Midl Include="DrawerServer.idl">
      <Filter>Source Files</Filter>
    </Midl>
  </ItemGroup>
</Project>